
Microsoft Visual Studio Solution File, Format Version 12.00
# Visual Studio Version 17
VisualStudioVersion = 17.14.36518.9 d17.14
MinimumVisualStudioVersion = 10.0.40219.1
Project("{FAE04EC0-301F-11D3-BF4B-00C04F79EFBC}") = "ExposeAnAgentAsAnMcpTool", "ExposeAnAgentAsAnMcpTool\ExposeAnAgentAsAnMcpTool.csproj", "{CEAE0EC8-0716-4A72-B218-482152122B34}"
EndProject
Global
	GlobalSection(SolutionConfigurationPlatforms) = preSolution
		Debug|Any CPU = Debug|Any CPU
		Release|Any CPU = Release|Any CPU
	EndGlobalSection
	GlobalSection(ProjectConfigurationPlatforms) = postSolution
		{CEAE0EC8-0716-4A72-B218-482152122B34}.Debug|Any CPU.ActiveCfg = Debug|Any CPU
		{CEAE0EC8-0716-4A72-B218-482152122B34}.Debug|Any CPU.Build.0 = Debug|Any CPU
		{CEAE0EC8-0716-4A72-B218-482152122B34}.Release|Any CPU.ActiveCfg = Release|Any CPU
		{CEAE0EC8-0716-4A72-B218-482152122B34}.Release|Any CPU.Build.0 = Release|Any CPU
	EndGlobalSection
	GlobalSection(SolutionProperties) = preSolution
		HideSolutionNode = FALSE
	EndGlobalSection
	GlobalSection(ExtensibilityGlobals) = postSolution
		SolutionGuid = {80C5F9B3-6409-4157-BCF5-0DF43D515238}
	EndGlobalSection
EndGlobal
