
Microsoft Visual Studio Solution File, Format Version 12.00
# Visual Studio Version 17
VisualStudioVersion = 17.14.36518.9 d17.14
MinimumVisualStudioVersion = 10.0.40219.1
Project("{FAE04EC0-301F-11D3-BF4B-00C04F79EFBC}") = "AddingMiddlewareToAgents", "AddingMiddlewareToAgents\AddingMiddlewareToAgents.csproj", "{3D3D735B-55AC-4D3F-BC79-0EE918F19882}"
EndProject
Global
	GlobalSection(SolutionConfigurationPlatforms) = preSolution
		Debug|Any CPU = Debug|Any CPU
		Release|Any CPU = Release|Any CPU
	EndGlobalSection
	GlobalSection(ProjectConfigurationPlatforms) = postSolution
		{3D3D735B-55AC-4D3F-BC79-0EE918F19882}.Debug|Any CPU.ActiveCfg = Debug|Any CPU
		{3D3D735B-55AC-4D3F-BC79-0EE918F19882}.Debug|Any CPU.Build.0 = Debug|Any CPU
		{3D3D735B-55AC-4D3F-BC79-0EE918F19882}.Release|Any CPU.ActiveCfg = Release|Any CPU
		{3D3D735B-55AC-4D3F-BC79-0EE918F19882}.Release|Any CPU.Build.0 = Release|Any CPU
	EndGlobalSection
	GlobalSection(SolutionProperties) = preSolution
		HideSolutionNode = FALSE
	EndGlobalSection
	GlobalSection(ExtensibilityGlobals) = postSolution
		SolutionGuid = {E27B7FDE-D020-463F-94F7-0D66525C88C3}
	EndGlobalSection
EndGlobal
