
Microsoft Visual Studio Solution File, Format Version 12.00
# Visual Studio Version 17
VisualStudioVersion = 17.14.36518.9 d17.14
MinimumVisualStudioVersion = 10.0.40219.1
Project("{FAE04EC0-301F-11D3-BF4B-00C04F79EFBC}") = "UsingFunctionToolsWithAnAgent", "UsingFunctionToolsWithAnAgent\UsingFunctionToolsWithAnAgent.csproj", "{9AB5DC82-E9FB-4115-93BD-7EEB7AFC0B4F}"
EndProject
Global
	GlobalSection(SolutionConfigurationPlatforms) = preSolution
		Debug|Any CPU = Debug|Any CPU
		Release|Any CPU = Release|Any CPU
	EndGlobalSection
	GlobalSection(ProjectConfigurationPlatforms) = postSolution
		{9AB5DC82-E9FB-4115-93BD-7EEB7AFC0B4F}.Debug|Any CPU.ActiveCfg = Debug|Any CPU
		{9AB5DC82-E9FB-4115-93BD-7EEB7AFC0B4F}.Debug|Any CPU.Build.0 = Debug|Any CPU
		{9AB5DC82-E9FB-4115-93BD-7EEB7AFC0B4F}.Release|Any CPU.ActiveCfg = Release|Any CPU
		{9AB5DC82-E9FB-4115-93BD-7EEB7AFC0B4F}.Release|Any CPU.Build.0 = Release|Any CPU
	EndGlobalSection
	GlobalSection(SolutionProperties) = preSolution
		HideSolutionNode = FALSE
	EndGlobalSection
	GlobalSection(ExtensibilityGlobals) = postSolution
		SolutionGuid = {1C27C39E-1970-4BF8-A5A1-059A1FCCECF9}
	EndGlobalSection
EndGlobal
